
Microsoft Visual Studio Solution File, Format Version 12.00
# Visual Studio Version 17
VisualStudioVersion = 17.4.33213.308
MinimumVisualStudioVersion = 10.0.40219.1
Project("{FAE04EC0-301F-11D3-BF4B-00C04F79EFBC}") = "IRIPortal", "IRIPortal\IRIPortal.csproj", "{7BB88239-757C-4703-B4DA-659D3CBB90CE}"
EndProject
Global
	GlobalSection(SolutionConfigurationPlatforms) = preSolution
		Debug|Any CPU = Debug|Any CPU
		Release|Any CPU = Release|Any CPU
	EndGlobalSection
	GlobalSection(ProjectConfigurationPlatforms) = postSolution
		{7BB88239-757C-4703-B4DA-659D3CBB90CE}.Debug|Any CPU.ActiveCfg = Debug|Any CPU
		{7BB88239-757C-4703-B4DA-659D3CBB90CE}.Debug|Any CPU.Build.0 = Debug|Any CPU
		{7BB88239-757C-4703-B4DA-659D3CBB90CE}.Release|Any CPU.ActiveCfg = Release|Any CPU
		{7BB88239-757C-4703-B4DA-659D3CBB90CE}.Release|Any CPU.Build.0 = Release|Any CPU
	EndGlobalSection
	GlobalSection(SolutionProperties) = preSolution
		HideSolutionNode = FALSE
	EndGlobalSection
	GlobalSection(ExtensibilityGlobals) = postSolution
		SolutionGuid = {9E1F841A-3A9E-46B4-9170-BCF7F2C5F21A}
	EndGlobalSection
EndGlobal
